
Microsoft Visual Studio Solution File, Format Version 12.00
# Visual Studio Version 17
VisualStudioVersion = 17.9.34728.123
MinimumVisualStudioVersion = 10.0.40219.1
Project("{FAE04EC0-301F-11D3-BF4B-00C04F79EFBC}") = "MenuMangement.API", "MenuMangement\MenuMangement.API.csproj", "{33DB6DCA-CBB8-4823-A134-BA2D251AEBE3}"
EndProject
Project("{FAE04EC0-301F-11D3-BF4B-00C04F79EFBC}") = "MenuMangements.Ui", "MenuMangements.Ui\MenuMangements.Ui.csproj", "{73C90E94-8E26-447F-9F34-DB6AB79EF338}"
EndProject
Global
	GlobalSection(SolutionConfigurationPlatforms) = preSolution
		Debug|Any CPU = Debug|Any CPU
		Release|Any CPU = Release|Any CPU
	EndGlobalSection
	GlobalSection(ProjectConfigurationPlatforms) = postSolution
		{33DB6DCA-CBB8-4823-A134-BA2D251AEBE3}.Debug|Any CPU.ActiveCfg = Debug|Any CPU
		{33DB6DCA-CBB8-4823-A134-BA2D251AEBE3}.Debug|Any CPU.Build.0 = Debug|Any CPU
		{33DB6DCA-CBB8-4823-A134-BA2D251AEBE3}.Release|Any CPU.ActiveCfg = Release|Any CPU
		{33DB6DCA-CBB8-4823-A134-BA2D251AEBE3}.Release|Any CPU.Build.0 = Release|Any CPU
		{73C90E94-8E26-447F-9F34-DB6AB79EF338}.Debug|Any CPU.ActiveCfg = Debug|Any CPU
		{73C90E94-8E26-447F-9F34-DB6AB79EF338}.Debug|Any CPU.Build.0 = Debug|Any CPU
		{73C90E94-8E26-447F-9F34-DB6AB79EF338}.Release|Any CPU.ActiveCfg = Release|Any CPU
		{73C90E94-8E26-447F-9F34-DB6AB79EF338}.Release|Any CPU.Build.0 = Release|Any CPU
	EndGlobalSection
	GlobalSection(SolutionProperties) = preSolution
		HideSolutionNode = FALSE
	EndGlobalSection
	GlobalSection(ExtensibilityGlobals) = postSolution
		SolutionGuid = {3C27590E-3AA3-4F2F-ABB9-96724BFD622D}
	EndGlobalSection
EndGlobal
